
Microsoft Visual Studio Solution File, Format Version 12.00
# Visual Studio Version 17
VisualStudioVersion = 17.5.002.0
MinimumVisualStudioVersion = 10.0.40219.1
Project("{2150E333-8FDC-42A3-9474-1A3956D46DE8}") = "sandbox", "sandbox", "{5483AB17-1C7D-4C14-B7EB-F54E1F06E1EE}"
EndProject
Project("{9A19103F-16F7-4668-BE54-9A1E7A4F7556}") = "sandbox_project", "sandbox\sandbox_project\sandbox_project.csproj", "{25604FE7-F99A-4F6D-9649-AB99738BF40F}"
EndProject
Project("{2150E333-8FDC-42A3-9474-1A3956D46DE8}") = "week01", "week01", "{B57578DB-71D5-46B7-82B2-3480D106A933}"
EndProject
Project("{9A19103F-16F7-4668-BE54-9A1E7A4F7556}") = "analyze", "week01\analyze\analyze.csproj", "{999D0811-4F45-4D23-A925-DA7E59D6AC63}"
EndProject
Project("{9A19103F-16F7-4668-BE54-9A1E7A4F7556}") = "code", "week01\code\code.csproj", "{7D33B87A-EB75-4EFF-BCB1-B2FF36C767AE}"
EndProject
Project("{9A19103F-16F7-4668-BE54-9A1E7A4F7556}") = "teach", "week01\teach\teach.csproj", "{F1254702-8C9D-4F28-BCB8-39FEB8F8C8F4}"
EndProject
Project("{2150E333-8FDC-42A3-9474-1A3956D46DE8}") = "week02", "week02", "{70A93D29-9ADC-4583-A417-F67CB50BA557}"
EndProject
Project("{9A19103F-16F7-4668-BE54-9A1E7A4F7556}") = "analyze", "week02\analyze\analyze.csproj", "{C66804EB-217C-4029-B950-B97E7B0C335F}"
EndProject
Project("{9A19103F-16F7-4668-BE54-9A1E7A4F7556}") = "code", "week02\code\code.csproj", "{D269400D-C923-4698-B70B-31385768BE36}"
EndProject
Project("{9A19103F-16F7-4668-BE54-9A1E7A4F7556}") = "learn", "week02\learn\learn.csproj", "{BBF18BF5-956E-4A41-84D0-2469065E8C87}"
EndProject
Project("{9A19103F-16F7-4668-BE54-9A1E7A4F7556}") = "teach", "week02\teach\teach.csproj", "{8EE2D935-9272-410F-AF21-95AAD07CC952}"
EndProject
Project("{2150E333-8FDC-42A3-9474-1A3956D46DE8}") = "week03", "week03", "{EB495024-EF0F-4936-9AED-42E4D0DB497E}"
EndProject
Project("{9A19103F-16F7-4668-BE54-9A1E7A4F7556}") = "code", "week03\code\code.csproj", "{31513C0F-115A-4502-AF1E-5FDEC0ECC9FC}"
EndProject
Project("{9A19103F-16F7-4668-BE54-9A1E7A4F7556}") = "learn", "week03\learn\learn.csproj", "{AF050BF2-5C19-4544-9C8E-CB564BAF833C}"
EndProject
Project("{9A19103F-16F7-4668-BE54-9A1E7A4F7556}") = "teach", "week03\teach\teach.csproj", "{95A836D4-0EE6-4427-9CCE-560C4A99F6E9}"
EndProject
Project("{2150E333-8FDC-42A3-9474-1A3956D46DE8}") = "week04", "week04", "{8ED27ACC-5C07-48C3-886F-0DEDA4FCEA4A}"
EndProject
Project("{9A19103F-16F7-4668-BE54-9A1E7A4F7556}") = "code", "week04\code\code.csproj", "{021A3315-2124-440B-B12B-1964A0690E0D}"
EndProject
Project("{2150E333-8FDC-42A3-9474-1A3956D46DE8}") = "week05", "week05", "{9CB67BF4-3A40-413B-AAB4-F0CFC35D2B65}"
EndProject
Project("{9A19103F-16F7-4668-BE54-9A1E7A4F7556}") = "code", "week05\code\code.csproj", "{16E9D259-C6C0-46F1-A82A-C924A746A44C}"
EndProject
Project("{2150E333-8FDC-42A3-9474-1A3956D46DE8}") = "week06", "week06", "{ADA4F73F-360E-4863-8585-3ABA640AE9E0}"
EndProject
Project("{9A19103F-16F7-4668-BE54-9A1E7A4F7556}") = "code", "week06\code\code.csproj", "{220EA5BF-BC1D-40C7-A108-7A152A12E850}"
EndProject
Global
	GlobalSection(SolutionConfigurationPlatforms) = preSolution
		Debug|Any CPU = Debug|Any CPU
		Release|Any CPU = Release|Any CPU
	EndGlobalSection
	GlobalSection(ProjectConfigurationPlatforms) = postSolution
		{25604FE7-F99A-4F6D-9649-AB99738BF40F}.Debug|Any CPU.ActiveCfg = Debug|Any CPU
		{25604FE7-F99A-4F6D-9649-AB99738BF40F}.Debug|Any CPU.Build.0 = Debug|Any CPU
		{25604FE7-F99A-4F6D-9649-AB99738BF40F}.Release|Any CPU.ActiveCfg = Release|Any CPU
		{25604FE7-F99A-4F6D-9649-AB99738BF40F}.Release|Any CPU.Build.0 = Release|Any CPU
		{999D0811-4F45-4D23-A925-DA7E59D6AC63}.Debug|Any CPU.ActiveCfg = Debug|Any CPU
		{999D0811-4F45-4D23-A925-DA7E59D6AC63}.Debug|Any CPU.Build.0 = Debug|Any CPU
		{999D0811-4F45-4D23-A925-DA7E59D6AC63}.Release|Any CPU.ActiveCfg = Release|Any CPU
		{999D0811-4F45-4D23-A925-DA7E59D6AC63}.Release|Any CPU.Build.0 = Release|Any CPU
		{7D33B87A-EB75-4EFF-BCB1-B2FF36C767AE}.Debug|Any CPU.ActiveCfg = Debug|Any CPU
		{7D33B87A-EB75-4EFF-BCB1-B2FF36C767AE}.Debug|Any CPU.Build.0 = Debug|Any CPU
		{7D33B87A-EB75-4EFF-BCB1-B2FF36C767AE}.Release|Any CPU.ActiveCfg = Release|Any CPU
		{7D33B87A-EB75-4EFF-BCB1-B2FF36C767AE}.Release|Any CPU.Build.0 = Release|Any CPU
		{F1254702-8C9D-4F28-BCB8-39FEB8F8C8F4}.Debug|Any CPU.ActiveCfg = Debug|Any CPU
		{F1254702-8C9D-4F28-BCB8-39FEB8F8C8F4}.Debug|Any CPU.Build.0 = Debug|Any CPU
		{F1254702-8C9D-4F28-BCB8-39FEB8F8C8F4}.Release|Any CPU.ActiveCfg = Release|Any CPU
		{F1254702-8C9D-4F28-BCB8-39FEB8F8C8F4}.Release|Any CPU.Build.0 = Release|Any CPU
		{C66804EB-217C-4029-B950-B97E7B0C335F}.Debug|Any CPU.ActiveCfg = Debug|Any CPU
		{C66804EB-217C-4029-B950-B97E7B0C335F}.Debug|Any CPU.Build.0 = Debug|Any CPU
		{C66804EB-217C-4029-B950-B97E7B0C335F}.Release|Any CPU.ActiveCfg = Release|Any CPU
		{C66804EB-217C-4029-B950-B97E7B0C335F}.Release|Any CPU.Build.0 = Release|Any CPU
		{D269400D-C923-4698-B70B-31385768BE36}.Debug|Any CPU.ActiveCfg = Debug|Any CPU
		{D269400D-C923-4698-B70B-31385768BE36}.Debug|Any CPU.Build.0 = Debug|Any CPU
		{D269400D-C923-4698-B70B-31385768BE36}.Release|Any CPU.ActiveCfg = Release|Any CPU
		{D269400D-C923-4698-B70B-31385768BE36}.Release|Any CPU.Build.0 = Release|Any CPU
		{BBF18BF5-956E-4A41-84D0-2469065E8C87}.Debug|Any CPU.ActiveCfg = Debug|Any CPU
		{BBF18BF5-956E-4A41-84D0-2469065E8C87}.Debug|Any CPU.Build.0 = Debug|Any CPU
		{BBF18BF5-956E-4A41-84D0-2469065E8C87}.Release|Any CPU.ActiveCfg = Release|Any CPU
		{BBF18BF5-956E-4A41-84D0-2469065E8C87}.Release|Any CPU.Build.0 = Release|Any CPU
		{8EE2D935-9272-410F-AF21-95AAD07CC952}.Debug|Any CPU.ActiveCfg = Debug|Any CPU
		{8EE2D935-9272-410F-AF21-95AAD07CC952}.Debug|Any CPU.Build.0 = Debug|Any CPU
		{8EE2D935-9272-410F-AF21-95AAD07CC952}.Release|Any CPU.ActiveCfg = Release|Any CPU
		{8EE2D935-9272-410F-AF21-95AAD07CC952}.Release|Any CPU.Build.0 = Release|Any CPU
		{31513C0F-115A-4502-AF1E-5FDEC0ECC9FC}.Debug|Any CPU.ActiveCfg = Debug|Any CPU
		{31513C0F-115A-4502-AF1E-5FDEC0ECC9FC}.Debug|Any CPU.Build.0 = Debug|Any CPU
		{31513C0F-115A-4502-AF1E-5FDEC0ECC9FC}.Release|Any CPU.ActiveCfg = Release|Any CPU
		{31513C0F-115A-4502-AF1E-5FDEC0ECC9FC}.Release|Any CPU.Build.0 = Release|Any CPU
		{AF050BF2-5C19-4544-9C8E-CB564BAF833C}.Debug|Any CPU.ActiveCfg = Debug|Any CPU
		{AF050BF2-5C19-4544-9C8E-CB564BAF833C}.Debug|Any CPU.Build.0 = Debug|Any CPU
		{AF050BF2-5C19-4544-9C8E-CB564BAF833C}.Release|Any CPU.ActiveCfg = Release|Any CPU
		{AF050BF2-5C19-4544-9C8E-CB564BAF833C}.Release|Any CPU.Build.0 = Release|Any CPU
		{95A836D4-0EE6-4427-9CCE-560C4A99F6E9}.Debug|Any CPU.ActiveCfg = Debug|Any CPU
		{95A836D4-0EE6-4427-9CCE-560C4A99F6E9}.Debug|Any CPU.Build.0 = Debug|Any CPU
		{95A836D4-0EE6-4427-9CCE-560C4A99F6E9}.Release|Any CPU.ActiveCfg = Release|Any CPU
		{95A836D4-0EE6-4427-9CCE-560C4A99F6E9}.Release|Any CPU.Build.0 = Release|Any CPU
		{021A3315-2124-440B-B12B-1964A0690E0D}.Debug|Any CPU.ActiveCfg = Debug|Any CPU
		{021A3315-2124-440B-B12B-1964A0690E0D}.Debug|Any CPU.Build.0 = Debug|Any CPU
		{021A3315-2124-440B-B12B-1964A0690E0D}.Release|Any CPU.ActiveCfg = Release|Any CPU
		{021A3315-2124-440B-B12B-1964A0690E0D}.Release|Any CPU.Build.0 = Release|Any CPU
		{16E9D259-C6C0-46F1-A82A-C924A746A44C}.Debug|Any CPU.ActiveCfg = Debug|Any CPU
		{16E9D259-C6C0-46F1-A82A-C924A746A44C}.Debug|Any CPU.Build.0 = Debug|Any CPU
		{16E9D259-C6C0-46F1-A82A-C924A746A44C}.Release|Any CPU.ActiveCfg = Release|Any CPU
		{16E9D259-C6C0-46F1-A82A-C924A746A44C}.Release|Any CPU.Build.0 = Release|Any CPU
		{220EA5BF-BC1D-40C7-A108-7A152A12E850}.Debug|Any CPU.ActiveCfg = Debug|Any CPU
		{220EA5BF-BC1D-40C7-A108-7A152A12E850}.Debug|Any CPU.Build.0 = Debug|Any CPU
		{220EA5BF-BC1D-40C7-A108-7A152A12E850}.Release|Any CPU.ActiveCfg = Release|Any CPU
		{220EA5BF-BC1D-40C7-A108-7A152A12E850}.Release|Any CPU.Build.0 = Release|Any CPU
	EndGlobalSection
	GlobalSection(SolutionProperties) = preSolution
		HideSolutionNode = FALSE
	EndGlobalSection
	GlobalSection(NestedProjects) = preSolution
		{25604FE7-F99A-4F6D-9649-AB99738BF40F} = {5483AB17-1C7D-4C14-B7EB-F54E1F06E1EE}
		{999D0811-4F45-4D23-A925-DA7E59D6AC63} = {B57578DB-71D5-46B7-82B2-3480D106A933}
		{7D33B87A-EB75-4EFF-BCB1-B2FF36C767AE} = {B57578DB-71D5-46B7-82B2-3480D106A933}
		{F1254702-8C9D-4F28-BCB8-39FEB8F8C8F4} = {B57578DB-71D5-46B7-82B2-3480D106A933}
		{C66804EB-217C-4029-B950-B97E7B0C335F} = {70A93D29-9ADC-4583-A417-F67CB50BA557}
		{D269400D-C923-4698-B70B-31385768BE36} = {70A93D29-9ADC-4583-A417-F67CB50BA557}
		{BBF18BF5-956E-4A41-84D0-2469065E8C87} = {70A93D29-9ADC-4583-A417-F67CB50BA557}
		{8EE2D935-9272-410F-AF21-95AAD07CC952} = {70A93D29-9ADC-4583-A417-F67CB50BA557}
		{31513C0F-115A-4502-AF1E-5FDEC0ECC9FC} = {EB495024-EF0F-4936-9AED-42E4D0DB497E}
		{AF050BF2-5C19-4544-9C8E-CB564BAF833C} = {EB495024-EF0F-4936-9AED-42E4D0DB497E}
		{95A836D4-0EE6-4427-9CCE-560C4A99F6E9} = {EB495024-EF0F-4936-9AED-42E4D0DB497E}
		{021A3315-2124-440B-B12B-1964A0690E0D} = {8ED27ACC-5C07-48C3-886F-0DEDA4FCEA4A}
		{16E9D259-C6C0-46F1-A82A-C924A746A44C} = {9CB67BF4-3A40-413B-AAB4-F0CFC35D2B65}
		{220EA5BF-BC1D-40C7-A108-7A152A12E850} = {ADA4F73F-360E-4863-8585-3ABA640AE9E0}
	EndGlobalSection
	GlobalSection(ExtensibilityGlobals) = postSolution
		SolutionGuid = {3BB2C298-61CC-4FE3-8050-36FC4BACAEE6}
	EndGlobalSection
EndGlobal
